
Microsoft Visual Studio Solution File, Format Version 12.00
# Visual Studio Version 16
VisualStudioVersion = 16.0.31624.102
MinimumVisualStudioVersion = 10.0.40219.1
Project("{FAE04EC0-301F-11D3-BF4B-00C04F79EFBC}") = "Les4_4", "Les4_4\Les4_4.csproj", "{7720A0BC-33A3-423E-ACC2-010040DA6C73}"
EndProject
Global
	GlobalSection(SolutionConfigurationPlatforms) = preSolution
		Debug|Any CPU = Debug|Any CPU
		Release|Any CPU = Release|Any CPU
	EndGlobalSection
	GlobalSection(ProjectConfigurationPlatforms) = postSolution
		{7720A0BC-33A3-423E-ACC2-010040DA6C73}.Debug|Any CPU.ActiveCfg = Debug|Any CPU
		{7720A0BC-33A3-423E-ACC2-010040DA6C73}.Debug|Any CPU.Build.0 = Debug|Any CPU
		{7720A0BC-33A3-423E-ACC2-010040DA6C73}.Release|Any CPU.ActiveCfg = Release|Any CPU
		{7720A0BC-33A3-423E-ACC2-010040DA6C73}.Release|Any CPU.Build.0 = Release|Any CPU
	EndGlobalSection
	GlobalSection(SolutionProperties) = preSolution
		HideSolutionNode = FALSE
	EndGlobalSection
	GlobalSection(ExtensibilityGlobals) = postSolution
		SolutionGuid = {A1D8E2DB-DB7A-4806-BFC1-3E9C6D8BE220}
	EndGlobalSection
EndGlobal
